
Microsoft Visual Studio Solution File, Format Version 12.00
# Visual Studio Version 17
VisualStudioVersion = 17.0.32126.317
MinimumVisualStudioVersion = 10.0.40219.1
Project("{9A19103F-16F7-4668-BE54-9A1E7A4F7556}") = "ProtonPack.Data", "ProtonPack.Data\ProtonPack.Data.csproj", "{EA3E4665-9A3B-482B-A1CC-0FC7BE7B6D3F}"
EndProject
Project("{2150E333-8FDC-42A3-9474-1A3956D46DE8}") = "TestApps", "TestApps", "{8A98535F-F238-4A53-8060-F441673415A4}"
EndProject
Project("{9A19103F-16F7-4668-BE54-9A1E7A4F7556}") = "DataTester", "TestApps\DataTester\DataTester.csproj", "{2AB13E40-0974-4DC8-8E95-803E32402693}"
EndProject
Project("{9A19103F-16F7-4668-BE54-9A1E7A4F7556}") = "ProtonPack.API", "ProtonPack.API\ProtonPack.API.csproj", "{C9D426E8-61CF-4C53-AE6B-8C943076B216}"
EndProject
Project("{9A19103F-16F7-4668-BE54-9A1E7A4F7556}") = "ProtonPack.BusinessLogic", "ProtonPack.BusinessLogic\ProtonPack.BusinessLogic.csproj", "{48866A66-994F-4C23-94D0-92FAA0B7A9CF}"
EndProject
Project("{9A19103F-16F7-4668-BE54-9A1E7A4F7556}") = "Zuul.API", "Zuul.API\Zuul.API.csproj", "{40485BC7-41C3-4404-A02E-1CB8E7A9268A}"
EndProject
Project("{9A19103F-16F7-4668-BE54-9A1E7A4F7556}") = "Zuul.BusinessLogic", "Zuul.BusinessLogic\Zuul.BusinessLogic.csproj", "{3C14F711-65A4-4FF4-B86E-8C7299963EF1}"
EndProject
Project("{9A19103F-16F7-4668-BE54-9A1E7A4F7556}") = "Zuul.Data", "Zuul.Data\Zuul.Data.csproj", "{C6252549-1D6C-47A1-AACE-01987C7D8BA8}"
EndProject
Project("{9A19103F-16F7-4668-BE54-9A1E7A4F7556}") = "CMG-BM1000-CouponLoader", "TestApps\CMG-BM1000-CouponLoader\CMG-BM1000-CouponLoader.csproj", "{8856B0A7-1DC1-4D80-84E0-D9F7205E7663}"
EndProject
Project("{9A19103F-16F7-4668-BE54-9A1E7A4F7556}") = "CORSTest", "..\Sandbox\Bret\CORSTest\CORSTest.csproj", "{6132A56E-2A32-48B1-9087-0BEF664BE643}"
EndProject
Project("{9A19103F-16F7-4668-BE54-9A1E7A4F7556}") = "BillMixer", "..\ExternalProjects\BillMixer\BillMixer.csproj", "{146F60CD-4E38-45C4-9731-F2DF4BF4B75B}"
EndProject
Project("{2150E333-8FDC-42A3-9474-1A3956D46DE8}") = "ProtonPack", "ProtonPack", "{F78AA13A-9147-4FEC-BEF3-D6762682A162}"
EndProject
Project("{2150E333-8FDC-42A3-9474-1A3956D46DE8}") = "Zuul", "Zuul", "{365CC130-A1E5-4DD5-BDCB-307985EBF3F2}"
EndProject
Project("{9A19103F-16F7-4668-BE54-9A1E7A4F7556}") = "NftDataRefresh", "TestApps\NftDataRefresh\NftDataRefresh.csproj", "{B872D43E-0ED2-469D-897C-E7194389746E}"
EndProject
Project("{9A19103F-16F7-4668-BE54-9A1E7A4F7556}") = "WebThree.Shared", "WebThree.Utilities\WebThree.Shared.csproj", "{5E8A425B-137B-428F-9B99-D6A7EA7C7B79}"
EndProject
Global
	GlobalSection(SolutionConfigurationPlatforms) = preSolution
		Debug|Any CPU = Debug|Any CPU
		Release|Any CPU = Release|Any CPU
	EndGlobalSection
	GlobalSection(ProjectConfigurationPlatforms) = postSolution
		{EA3E4665-9A3B-482B-A1CC-0FC7BE7B6D3F}.Debug|Any CPU.ActiveCfg = Debug|Any CPU
		{EA3E4665-9A3B-482B-A1CC-0FC7BE7B6D3F}.Debug|Any CPU.Build.0 = Debug|Any CPU
		{EA3E4665-9A3B-482B-A1CC-0FC7BE7B6D3F}.Release|Any CPU.ActiveCfg = Release|Any CPU
		{EA3E4665-9A3B-482B-A1CC-0FC7BE7B6D3F}.Release|Any CPU.Build.0 = Release|Any CPU
		{2AB13E40-0974-4DC8-8E95-803E32402693}.Debug|Any CPU.ActiveCfg = Debug|Any CPU
		{2AB13E40-0974-4DC8-8E95-803E32402693}.Debug|Any CPU.Build.0 = Debug|Any CPU
		{2AB13E40-0974-4DC8-8E95-803E32402693}.Release|Any CPU.ActiveCfg = Release|Any CPU
		{2AB13E40-0974-4DC8-8E95-803E32402693}.Release|Any CPU.Build.0 = Release|Any CPU
		{C9D426E8-61CF-4C53-AE6B-8C943076B216}.Debug|Any CPU.ActiveCfg = Debug|Any CPU
		{C9D426E8-61CF-4C53-AE6B-8C943076B216}.Debug|Any CPU.Build.0 = Debug|Any CPU
		{C9D426E8-61CF-4C53-AE6B-8C943076B216}.Release|Any CPU.ActiveCfg = Release|Any CPU
		{C9D426E8-61CF-4C53-AE6B-8C943076B216}.Release|Any CPU.Build.0 = Release|Any CPU
		{48866A66-994F-4C23-94D0-92FAA0B7A9CF}.Debug|Any CPU.ActiveCfg = Debug|Any CPU
		{48866A66-994F-4C23-94D0-92FAA0B7A9CF}.Debug|Any CPU.Build.0 = Debug|Any CPU
		{48866A66-994F-4C23-94D0-92FAA0B7A9CF}.Release|Any CPU.ActiveCfg = Release|Any CPU
		{48866A66-994F-4C23-94D0-92FAA0B7A9CF}.Release|Any CPU.Build.0 = Release|Any CPU
		{40485BC7-41C3-4404-A02E-1CB8E7A9268A}.Debug|Any CPU.ActiveCfg = Debug|Any CPU
		{40485BC7-41C3-4404-A02E-1CB8E7A9268A}.Debug|Any CPU.Build.0 = Debug|Any CPU
		{40485BC7-41C3-4404-A02E-1CB8E7A9268A}.Release|Any CPU.ActiveCfg = Release|Any CPU
		{40485BC7-41C3-4404-A02E-1CB8E7A9268A}.Release|Any CPU.Build.0 = Release|Any CPU
		{3C14F711-65A4-4FF4-B86E-8C7299963EF1}.Debug|Any CPU.ActiveCfg = Debug|Any CPU
		{3C14F711-65A4-4FF4-B86E-8C7299963EF1}.Debug|Any CPU.Build.0 = Debug|Any CPU
		{3C14F711-65A4-4FF4-B86E-8C7299963EF1}.Release|Any CPU.ActiveCfg = Release|Any CPU
		{3C14F711-65A4-4FF4-B86E-8C7299963EF1}.Release|Any CPU.Build.0 = Release|Any CPU
		{C6252549-1D6C-47A1-AACE-01987C7D8BA8}.Debug|Any CPU.ActiveCfg = Debug|Any CPU
		{C6252549-1D6C-47A1-AACE-01987C7D8BA8}.Debug|Any CPU.Build.0 = Debug|Any CPU
		{C6252549-1D6C-47A1-AACE-01987C7D8BA8}.Release|Any CPU.ActiveCfg = Release|Any CPU
		{C6252549-1D6C-47A1-AACE-01987C7D8BA8}.Release|Any CPU.Build.0 = Release|Any CPU
		{8856B0A7-1DC1-4D80-84E0-D9F7205E7663}.Debug|Any CPU.ActiveCfg = Debug|Any CPU
		{8856B0A7-1DC1-4D80-84E0-D9F7205E7663}.Debug|Any CPU.Build.0 = Debug|Any CPU
		{8856B0A7-1DC1-4D80-84E0-D9F7205E7663}.Release|Any CPU.ActiveCfg = Release|Any CPU
		{8856B0A7-1DC1-4D80-84E0-D9F7205E7663}.Release|Any CPU.Build.0 = Release|Any CPU
		{6132A56E-2A32-48B1-9087-0BEF664BE643}.Debug|Any CPU.ActiveCfg = Debug|Any CPU
		{6132A56E-2A32-48B1-9087-0BEF664BE643}.Debug|Any CPU.Build.0 = Debug|Any CPU
		{6132A56E-2A32-48B1-9087-0BEF664BE643}.Release|Any CPU.ActiveCfg = Release|Any CPU
		{6132A56E-2A32-48B1-9087-0BEF664BE643}.Release|Any CPU.Build.0 = Release|Any CPU
		{146F60CD-4E38-45C4-9731-F2DF4BF4B75B}.Debug|Any CPU.ActiveCfg = Debug|Any CPU
		{146F60CD-4E38-45C4-9731-F2DF4BF4B75B}.Debug|Any CPU.Build.0 = Debug|Any CPU
		{146F60CD-4E38-45C4-9731-F2DF4BF4B75B}.Release|Any CPU.ActiveCfg = Release|Any CPU
		{146F60CD-4E38-45C4-9731-F2DF4BF4B75B}.Release|Any CPU.Build.0 = Release|Any CPU
		{B872D43E-0ED2-469D-897C-E7194389746E}.Debug|Any CPU.ActiveCfg = Debug|Any CPU
		{B872D43E-0ED2-469D-897C-E7194389746E}.Debug|Any CPU.Build.0 = Debug|Any CPU
		{B872D43E-0ED2-469D-897C-E7194389746E}.Release|Any CPU.ActiveCfg = Release|Any CPU
		{B872D43E-0ED2-469D-897C-E7194389746E}.Release|Any CPU.Build.0 = Release|Any CPU
		{5E8A425B-137B-428F-9B99-D6A7EA7C7B79}.Debug|Any CPU.ActiveCfg = Debug|Any CPU
		{5E8A425B-137B-428F-9B99-D6A7EA7C7B79}.Debug|Any CPU.Build.0 = Debug|Any CPU
		{5E8A425B-137B-428F-9B99-D6A7EA7C7B79}.Release|Any CPU.ActiveCfg = Release|Any CPU
		{5E8A425B-137B-428F-9B99-D6A7EA7C7B79}.Release|Any CPU.Build.0 = Release|Any CPU
	EndGlobalSection
	GlobalSection(SolutionProperties) = preSolution
		HideSolutionNode = FALSE
	EndGlobalSection
	GlobalSection(NestedProjects) = preSolution
		{EA3E4665-9A3B-482B-A1CC-0FC7BE7B6D3F} = {F78AA13A-9147-4FEC-BEF3-D6762682A162}
		{2AB13E40-0974-4DC8-8E95-803E32402693} = {8A98535F-F238-4A53-8060-F441673415A4}
		{C9D426E8-61CF-4C53-AE6B-8C943076B216} = {F78AA13A-9147-4FEC-BEF3-D6762682A162}
		{48866A66-994F-4C23-94D0-92FAA0B7A9CF} = {F78AA13A-9147-4FEC-BEF3-D6762682A162}
		{40485BC7-41C3-4404-A02E-1CB8E7A9268A} = {365CC130-A1E5-4DD5-BDCB-307985EBF3F2}
		{3C14F711-65A4-4FF4-B86E-8C7299963EF1} = {365CC130-A1E5-4DD5-BDCB-307985EBF3F2}
		{C6252549-1D6C-47A1-AACE-01987C7D8BA8} = {365CC130-A1E5-4DD5-BDCB-307985EBF3F2}
		{8856B0A7-1DC1-4D80-84E0-D9F7205E7663} = {8A98535F-F238-4A53-8060-F441673415A4}
		{6132A56E-2A32-48B1-9087-0BEF664BE643} = {8A98535F-F238-4A53-8060-F441673415A4}
		{146F60CD-4E38-45C4-9731-F2DF4BF4B75B} = {8A98535F-F238-4A53-8060-F441673415A4}
		{B872D43E-0ED2-469D-897C-E7194389746E} = {8A98535F-F238-4A53-8060-F441673415A4}
	EndGlobalSection
	GlobalSection(ExtensibilityGlobals) = postSolution
		SolutionGuid = {3C9ACFDB-F3AE-4754-B845-F1E0B0BD123B}
	EndGlobalSection
EndGlobal
